
Microsoft Visual Studio Solution File, Format Version 12.00
# Visual Studio Version 16
VisualStudioVersion = 16.0.30011.22
MinimumVisualStudioVersion = 10.0.40219.1
Project("{9A19103F-16F7-4668-BE54-9A1E7A4F7556}") = "darkrift-cli", "darkrift-cli\darkrift-cli.csproj", "{2012970D-36C0-4051-9BFB-349AF2EC55C6}"
EndProject
Project("{9A19103F-16F7-4668-BE54-9A1E7A4F7556}") = "PMF", "PMF\PMF\PMF.csproj", "{9070C0B3-00E4-452B-BF3D-5FAFDDC830AB}"
EndProject
Global
	GlobalSection(SolutionConfigurationPlatforms) = preSolution
		Debug|Any CPU = Debug|Any CPU
		Debug|x64 = Debug|x64
		Debug|x86 = Debug|x86
		Release|Any CPU = Release|Any CPU
		Release|x64 = Release|x64
		Release|x86 = Release|x86
	EndGlobalSection
	GlobalSection(ProjectConfigurationPlatforms) = postSolution
		{2012970D-36C0-4051-9BFB-349AF2EC55C6}.Debug|Any CPU.ActiveCfg = Debug|Any CPU
		{2012970D-36C0-4051-9BFB-349AF2EC55C6}.Debug|Any CPU.Build.0 = Debug|Any CPU
		{2012970D-36C0-4051-9BFB-349AF2EC55C6}.Debug|x64.ActiveCfg = Debug|Any CPU
		{2012970D-36C0-4051-9BFB-349AF2EC55C6}.Debug|x64.Build.0 = Debug|Any CPU
		{2012970D-36C0-4051-9BFB-349AF2EC55C6}.Debug|x86.ActiveCfg = Debug|Any CPU
		{2012970D-36C0-4051-9BFB-349AF2EC55C6}.Debug|x86.Build.0 = Debug|Any CPU
		{2012970D-36C0-4051-9BFB-349AF2EC55C6}.Release|Any CPU.ActiveCfg = Release|Any CPU
		{2012970D-36C0-4051-9BFB-349AF2EC55C6}.Release|Any CPU.Build.0 = Release|Any CPU
		{2012970D-36C0-4051-9BFB-349AF2EC55C6}.Release|x64.ActiveCfg = Release|Any CPU
		{2012970D-36C0-4051-9BFB-349AF2EC55C6}.Release|x64.Build.0 = Release|Any CPU
		{2012970D-36C0-4051-9BFB-349AF2EC55C6}.Release|x86.ActiveCfg = Release|Any CPU
		{2012970D-36C0-4051-9BFB-349AF2EC55C6}.Release|x86.Build.0 = Release|Any CPU
		{9070C0B3-00E4-452B-BF3D-5FAFDDC830AB}.Debug|Any CPU.ActiveCfg = Debug|Any CPU
		{9070C0B3-00E4-452B-BF3D-5FAFDDC830AB}.Debug|Any CPU.Build.0 = Debug|Any CPU
		{9070C0B3-00E4-452B-BF3D-5FAFDDC830AB}.Debug|x64.ActiveCfg = Debug|Any CPU
		{9070C0B3-00E4-452B-BF3D-5FAFDDC830AB}.Debug|x64.Build.0 = Debug|Any CPU
		{9070C0B3-00E4-452B-BF3D-5FAFDDC830AB}.Debug|x86.ActiveCfg = Debug|Any CPU
		{9070C0B3-00E4-452B-BF3D-5FAFDDC830AB}.Debug|x86.Build.0 = Debug|Any CPU
		{9070C0B3-00E4-452B-BF3D-5FAFDDC830AB}.Release|Any CPU.ActiveCfg = Release|Any CPU
		{9070C0B3-00E4-452B-BF3D-5FAFDDC830AB}.Release|Any CPU.Build.0 = Release|Any CPU
		{9070C0B3-00E4-452B-BF3D-5FAFDDC830AB}.Release|x64.ActiveCfg = Release|Any CPU
		{9070C0B3-00E4-452B-BF3D-5FAFDDC830AB}.Release|x64.Build.0 = Release|Any CPU
		{9070C0B3-00E4-452B-BF3D-5FAFDDC830AB}.Release|x86.ActiveCfg = Release|Any CPU
		{9070C0B3-00E4-452B-BF3D-5FAFDDC830AB}.Release|x86.Build.0 = Release|Any CPU
	EndGlobalSection
	GlobalSection(SolutionProperties) = preSolution
		HideSolutionNode = FALSE
	EndGlobalSection
	GlobalSection(ExtensibilityGlobals) = postSolution
		SolutionGuid = {21E4EE94-CC93-45B9-8006-9DE92D856B33}
	EndGlobalSection
EndGlobal
